
Microsoft Visual Studio Solution File, Format Version 12.00
# Visual Studio Version 17
VisualStudioVersion = 17.7.34221.43
MinimumVisualStudioVersion = 10.0.40219.1
Project("{9A19103F-16F7-4668-BE54-9A1E7A4F7556}") = "ST10023767_PROG", "ST10023767_PROG.csproj", "{4C610481-3544-4B9B-BB9B-B4760DCD5170}"
EndProject
Global
	GlobalSection(SolutionConfigurationPlatforms) = preSolution
		Debug|Any CPU = Debug|Any CPU
		Release|Any CPU = Release|Any CPU
	EndGlobalSection
	GlobalSection(ProjectConfigurationPlatforms) = postSolution
		{4C610481-3544-4B9B-BB9B-B4760DCD5170}.Debug|Any CPU.ActiveCfg = Debug|Any CPU
		{4C610481-3544-4B9B-BB9B-B4760DCD5170}.Debug|Any CPU.Build.0 = Debug|Any CPU
		{4C610481-3544-4B9B-BB9B-B4760DCD5170}.Release|Any CPU.ActiveCfg = Release|Any CPU
		{4C610481-3544-4B9B-BB9B-B4760DCD5170}.Release|Any CPU.Build.0 = Release|Any CPU
	EndGlobalSection
	GlobalSection(SolutionProperties) = preSolution
		HideSolutionNode = FALSE
	EndGlobalSection
	GlobalSection(ExtensibilityGlobals) = postSolution
		SolutionGuid = {30D1889A-556F-4ED1-B21D-54BEF9ED0EBD}
	EndGlobalSection
EndGlobal
